
Microsoft Visual Studio Solution File, Format Version 12.00
# Visual Studio Version 17
VisualStudioVersion = 17.7.34031.279
MinimumVisualStudioVersion = 10.0.40219.1
Project("{9A19103F-16F7-4668-BE54-9A1E7A4F7556}") = "Mazda", "Mazda\Mazda.csproj", "{4DFCB801-128E-4EB4-823E-9F2915443180}"
EndProject
Global
	GlobalSection(SolutionConfigurationPlatforms) = preSolution
		Debug|Any CPU = Debug|Any CPU
		Release|Any CPU = Release|Any CPU
	EndGlobalSection
	GlobalSection(ProjectConfigurationPlatforms) = postSolution
		{4DFCB801-128E-4EB4-823E-9F2915443180}.Debug|Any CPU.ActiveCfg = Debug|Any CPU
		{4DFCB801-128E-4EB4-823E-9F2915443180}.Debug|Any CPU.Build.0 = Debug|Any CPU
		{4DFCB801-128E-4EB4-823E-9F2915443180}.Release|Any CPU.ActiveCfg = Debug|Any CPU
		{4DFCB801-128E-4EB4-823E-9F2915443180}.Release|Any CPU.Build.0 = Debug|Any CPU
	EndGlobalSection
	GlobalSection(SolutionProperties) = preSolution
		HideSolutionNode = FALSE
	EndGlobalSection
	GlobalSection(ExtensibilityGlobals) = postSolution
		SolutionGuid = {78738F7C-AE76-4E38-9E66-E5FF555258B8}
	EndGlobalSection
EndGlobal
